
Microsoft Visual Studio Solution File, Format Version 12.00
# Visual Studio Version 17
VisualStudioVersion = 17.0.31903.59
MinimumVisualStudioVersion = 10.0.40219.1
Project("{FAE04EC0-301F-11D3-BF4B-00C04F79EFBC}") = "ElectronicShop", "ElectronicShop\ElectronicShop.csproj", "{93FDE7E0-1AEE-4611-BEFC-4FBF9D43F9D1}"
EndProject
Global
	GlobalSection(SolutionConfigurationPlatforms) = preSolution
		Debug|Any CPU = Debug|Any CPU
		Release|Any CPU = Release|Any CPU
	EndGlobalSection
	GlobalSection(ProjectConfigurationPlatforms) = postSolution
		{93FDE7E0-1AEE-4611-BEFC-4FBF9D43F9D1}.Debug|Any CPU.ActiveCfg = Debug|Any CPU
		{93FDE7E0-1AEE-4611-BEFC-4FBF9D43F9D1}.Debug|Any CPU.Build.0 = Debug|Any CPU
		{93FDE7E0-1AEE-4611-BEFC-4FBF9D43F9D1}.Release|Any CPU.ActiveCfg = Release|Any CPU
		{93FDE7E0-1AEE-4611-BEFC-4FBF9D43F9D1}.Release|Any CPU.Build.0 = Release|Any CPU
	EndGlobalSection
	GlobalSection(SolutionProperties) = preSolution
		HideSolutionNode = FALSE
	EndGlobalSection
	GlobalSection(ExtensibilityGlobals) = postSolution
		SolutionGuid = {BE655629-FEE3-406A-998C-A07450C5A720}
	EndGlobalSection
EndGlobal
